
Microsoft Visual Studio Solution File, Format Version 12.00
# Visual Studio Version 17
VisualStudioVersion = 17.10.35027.167
MinimumVisualStudioVersion = 10.0.40219.1
Project("{FAE04EC0-301F-11D3-BF4B-00C04F79EFBC}") = "UssdStdev", "UssdStdev.csproj", "{198FAA13-9A6F-4F52-9B8A-DD650F620AF3}"
EndProject
Global
	GlobalSection(SolutionConfigurationPlatforms) = preSolution
		Debug|Any CPU = Debug|Any CPU
		Release|Any CPU = Release|Any CPU
	EndGlobalSection
	GlobalSection(ProjectConfigurationPlatforms) = postSolution
		{198FAA13-9A6F-4F52-9B8A-DD650F620AF3}.Debug|Any CPU.ActiveCfg = Debug|Any CPU
		{198FAA13-9A6F-4F52-9B8A-DD650F620AF3}.Debug|Any CPU.Build.0 = Debug|Any CPU
		{198FAA13-9A6F-4F52-9B8A-DD650F620AF3}.Release|Any CPU.ActiveCfg = Release|Any CPU
		{198FAA13-9A6F-4F52-9B8A-DD650F620AF3}.Release|Any CPU.Build.0 = Release|Any CPU
	EndGlobalSection
	GlobalSection(SolutionProperties) = preSolution
		HideSolutionNode = FALSE
	EndGlobalSection
	GlobalSection(ExtensibilityGlobals) = postSolution
		SolutionGuid = {9CCEBAE3-9237-4941-A2EA-4802474C3677}
	EndGlobalSection
EndGlobal
